
Microsoft Visual Studio Solution File, Format Version 12.00
# Visual Studio Version 17
VisualStudioVersion = 17.0.31903.59
MinimumVisualStudioVersion = 10.0.40219.1
Project("{2150E333-8FDC-42A3-9474-1A3956D46DE8}") = "src", "src", "{4E2F7D63-D3C8-4ED5-8FC8-96D93A413391}"
EndProject
Project("{2150E333-8FDC-42A3-9474-1A3956D46DE8}") = "Adapters", "Adapters", "{76B78ADA-7B17-408E-BA0F-197149CBBF8D}"
EndProject
Project("{2150E333-8FDC-42A3-9474-1A3956D46DE8}") = "Inbound", "Inbound", "{E964C640-3EE4-4C20-8778-F5EFFC39B661}"
EndProject
Project("{2150E333-8FDC-42A3-9474-1A3956D46DE8}") = "HttpApiAdapter", "HttpApiAdapter", "{06BD790F-CD18-4810-9AF8-8D2112DAB20A}"
EndProject
Project("{FAE04EC0-301F-11D3-BF4B-00C04F79EFBC}") = "HttpApiAdapter", "src\Adapters\Inbound\HttpApiAdapter\HttpApiAdapter.csproj", "{4FF997A2-2811-4C19-A8FE-B6C3BA442681}"
EndProject
Project("{2150E333-8FDC-42A3-9474-1A3956D46DE8}") = "Core", "Core", "{19AA2049-E771-4097-882C-D5F81B6855B9}"
EndProject
Project("{FAE04EC0-301F-11D3-BF4B-00C04F79EFBC}") = "Application", "src\Core\Application\Application.csproj", "{85D7C954-0D83-434A-B5D3-F5E8DD5ABFCB}"
EndProject
Project("{FAE04EC0-301F-11D3-BF4B-00C04F79EFBC}") = "Domain", "src\Core\Domain\Domain.csproj", "{9A13E00A-8BB1-48F0-9D5F-882EF9A38341}"
EndProject
Project("{2150E333-8FDC-42A3-9474-1A3956D46DE8}") = "Outbounds", "Outbounds", "{E85EE701-5FF2-4F11-8161-5656A3D9555D}"
EndProject
Project("{FAE04EC0-301F-11D3-BF4B-00C04F79EFBC}") = "PostgresDbAdapter", "src\Adapters\Outbounds\PostgresDbAdapter\PostgresDbAdapter.csproj", "{AFB17E0F-B49B-4437-A673-68C3B850BC14}"
EndProject
Project("{2150E333-8FDC-42A3-9474-1A3956D46DE8}") = "Infrastructure", "Infrastructure", "{539DCAA8-9700-4211-96BE-C3609EAB87EC}"
EndProject
Project("{2150E333-8FDC-42A3-9474-1A3956D46DE8}") = "Database", "Database", "{FAA81672-B09A-4060-AB51-8143883054CD}"
EndProject
Project("{FAE04EC0-301F-11D3-BF4B-00C04F79EFBC}") = "PostgresDb", "src\Infrastructure\Database\PostgresDb\PostgresDb.csproj", "{3BAB799D-30E7-4C51-A239-EDC5FB9868A0}"
EndProject
Project("{2150E333-8FDC-42A3-9474-1A3956D46DE8}") = "test", "test", "{BA0C1932-3615-4200-8C45-D0BB1760DA54}"
EndProject
Project("{FAE04EC0-301F-11D3-BF4B-00C04F79EFBC}") = "UnitTests", "test\UnitTests\UnitTests.csproj", "{7AB78136-C862-44DC-B71F-A398D5C1BD6E}"
EndProject
Global
	GlobalSection(SolutionConfigurationPlatforms) = preSolution
		Debug|Any CPU = Debug|Any CPU
		Release|Any CPU = Release|Any CPU
	EndGlobalSection
	GlobalSection(SolutionProperties) = preSolution
		HideSolutionNode = FALSE
	EndGlobalSection
	GlobalSection(ProjectConfigurationPlatforms) = postSolution
		{4FF997A2-2811-4C19-A8FE-B6C3BA442681}.Debug|Any CPU.ActiveCfg = Debug|Any CPU
		{4FF997A2-2811-4C19-A8FE-B6C3BA442681}.Debug|Any CPU.Build.0 = Debug|Any CPU
		{4FF997A2-2811-4C19-A8FE-B6C3BA442681}.Release|Any CPU.ActiveCfg = Release|Any CPU
		{4FF997A2-2811-4C19-A8FE-B6C3BA442681}.Release|Any CPU.Build.0 = Release|Any CPU
		{85D7C954-0D83-434A-B5D3-F5E8DD5ABFCB}.Debug|Any CPU.ActiveCfg = Debug|Any CPU
		{85D7C954-0D83-434A-B5D3-F5E8DD5ABFCB}.Debug|Any CPU.Build.0 = Debug|Any CPU
		{85D7C954-0D83-434A-B5D3-F5E8DD5ABFCB}.Release|Any CPU.ActiveCfg = Release|Any CPU
		{85D7C954-0D83-434A-B5D3-F5E8DD5ABFCB}.Release|Any CPU.Build.0 = Release|Any CPU
		{9A13E00A-8BB1-48F0-9D5F-882EF9A38341}.Debug|Any CPU.ActiveCfg = Debug|Any CPU
		{9A13E00A-8BB1-48F0-9D5F-882EF9A38341}.Debug|Any CPU.Build.0 = Debug|Any CPU
		{9A13E00A-8BB1-48F0-9D5F-882EF9A38341}.Release|Any CPU.ActiveCfg = Release|Any CPU
		{9A13E00A-8BB1-48F0-9D5F-882EF9A38341}.Release|Any CPU.Build.0 = Release|Any CPU
		{AFB17E0F-B49B-4437-A673-68C3B850BC14}.Debug|Any CPU.ActiveCfg = Debug|Any CPU
		{AFB17E0F-B49B-4437-A673-68C3B850BC14}.Debug|Any CPU.Build.0 = Debug|Any CPU
		{AFB17E0F-B49B-4437-A673-68C3B850BC14}.Release|Any CPU.ActiveCfg = Release|Any CPU
		{AFB17E0F-B49B-4437-A673-68C3B850BC14}.Release|Any CPU.Build.0 = Release|Any CPU
		{3BAB799D-30E7-4C51-A239-EDC5FB9868A0}.Debug|Any CPU.ActiveCfg = Debug|Any CPU
		{3BAB799D-30E7-4C51-A239-EDC5FB9868A0}.Debug|Any CPU.Build.0 = Debug|Any CPU
		{3BAB799D-30E7-4C51-A239-EDC5FB9868A0}.Release|Any CPU.ActiveCfg = Release|Any CPU
		{3BAB799D-30E7-4C51-A239-EDC5FB9868A0}.Release|Any CPU.Build.0 = Release|Any CPU
		{7AB78136-C862-44DC-B71F-A398D5C1BD6E}.Debug|Any CPU.ActiveCfg = Debug|Any CPU
		{7AB78136-C862-44DC-B71F-A398D5C1BD6E}.Debug|Any CPU.Build.0 = Debug|Any CPU
		{7AB78136-C862-44DC-B71F-A398D5C1BD6E}.Release|Any CPU.ActiveCfg = Release|Any CPU
		{7AB78136-C862-44DC-B71F-A398D5C1BD6E}.Release|Any CPU.Build.0 = Release|Any CPU
	EndGlobalSection
	GlobalSection(NestedProjects) = preSolution
		{76B78ADA-7B17-408E-BA0F-197149CBBF8D} = {4E2F7D63-D3C8-4ED5-8FC8-96D93A413391}
		{E964C640-3EE4-4C20-8778-F5EFFC39B661} = {76B78ADA-7B17-408E-BA0F-197149CBBF8D}
		{06BD790F-CD18-4810-9AF8-8D2112DAB20A} = {E964C640-3EE4-4C20-8778-F5EFFC39B661}
		{4FF997A2-2811-4C19-A8FE-B6C3BA442681} = {06BD790F-CD18-4810-9AF8-8D2112DAB20A}
		{19AA2049-E771-4097-882C-D5F81B6855B9} = {4E2F7D63-D3C8-4ED5-8FC8-96D93A413391}
		{85D7C954-0D83-434A-B5D3-F5E8DD5ABFCB} = {19AA2049-E771-4097-882C-D5F81B6855B9}
		{9A13E00A-8BB1-48F0-9D5F-882EF9A38341} = {19AA2049-E771-4097-882C-D5F81B6855B9}
		{E85EE701-5FF2-4F11-8161-5656A3D9555D} = {76B78ADA-7B17-408E-BA0F-197149CBBF8D}
		{AFB17E0F-B49B-4437-A673-68C3B850BC14} = {E85EE701-5FF2-4F11-8161-5656A3D9555D}
		{539DCAA8-9700-4211-96BE-C3609EAB87EC} = {4E2F7D63-D3C8-4ED5-8FC8-96D93A413391}
		{FAA81672-B09A-4060-AB51-8143883054CD} = {539DCAA8-9700-4211-96BE-C3609EAB87EC}
		{3BAB799D-30E7-4C51-A239-EDC5FB9868A0} = {FAA81672-B09A-4060-AB51-8143883054CD}
		{7AB78136-C862-44DC-B71F-A398D5C1BD6E} = {BA0C1932-3615-4200-8C45-D0BB1760DA54}
	EndGlobalSection
EndGlobal
